
Microsoft Visual Studio Solution File, Format Version 12.00
# Visual Studio Version 17
VisualStudioVersion = 17.0.31903.59
MinimumVisualStudioVersion = 10.0.40219.1
Project("{2150E333-8FDC-42A3-9474-1A3956D46DE8}") = "src", "src", "{55029F7C-7FA7-468D-944E-A7E34CF16043}"
EndProject
Project("{FAE04EC0-301F-11D3-BF4B-00C04F79EFBC}") = "Jobs.Vector", "src\Jobs.Vector\Jobs.Vector.csproj", "{B89F6464-0EA2-41DD-BF5D-6F1B8A1C5146}"
EndProject
Project("{2150E333-8FDC-42A3-9474-1A3956D46DE8}") = "tests", "tests", "{D89F5537-0B9F-4BF8-B921-2CC922993A7B}"
EndProject
Project("{FAE04EC0-301F-11D3-BF4B-00C04F79EFBC}") = "Jobs.Vector.Tests", "tests\Jobs.Vector.Tests\Jobs.Vector.Tests.csproj", "{76EA9EFD-E066-483B-B815-69CAF5111102}"
EndProject
Global
	GlobalSection(SolutionConfigurationPlatforms) = preSolution
		Debug|Any CPU = Debug|Any CPU
		Release|Any CPU = Release|Any CPU
	EndGlobalSection
	GlobalSection(SolutionProperties) = preSolution
		HideSolutionNode = FALSE
	EndGlobalSection
	GlobalSection(ProjectConfigurationPlatforms) = postSolution
		{B89F6464-0EA2-41DD-BF5D-6F1B8A1C5146}.Debug|Any CPU.ActiveCfg = Debug|Any CPU
		{B89F6464-0EA2-41DD-BF5D-6F1B8A1C5146}.Debug|Any CPU.Build.0 = Debug|Any CPU
		{B89F6464-0EA2-41DD-BF5D-6F1B8A1C5146}.Release|Any CPU.ActiveCfg = Release|Any CPU
		{B89F6464-0EA2-41DD-BF5D-6F1B8A1C5146}.Release|Any CPU.Build.0 = Release|Any CPU
		{76EA9EFD-E066-483B-B815-69CAF5111102}.Debug|Any CPU.ActiveCfg = Debug|Any CPU
		{76EA9EFD-E066-483B-B815-69CAF5111102}.Debug|Any CPU.Build.0 = Debug|Any CPU
		{76EA9EFD-E066-483B-B815-69CAF5111102}.Release|Any CPU.ActiveCfg = Release|Any CPU
		{76EA9EFD-E066-483B-B815-69CAF5111102}.Release|Any CPU.Build.0 = Release|Any CPU
	EndGlobalSection
	GlobalSection(NestedProjects) = preSolution
		{B89F6464-0EA2-41DD-BF5D-6F1B8A1C5146} = {55029F7C-7FA7-468D-944E-A7E34CF16043}
		{76EA9EFD-E066-483B-B815-69CAF5111102} = {D89F5537-0B9F-4BF8-B921-2CC922993A7B}
	EndGlobalSection
EndGlobal
